// !$*UTF8*$!
{
	archiveVersion = 1;
	classes = {
	};
	objectVersion = 46;
	objects = {

/* Begin PBXBuildFile section */
		9E9AB3771D26009B00411B4F /* main.m in Sources */ = {isa = PBXBuildFile; fileRef = 9E9AB3761D26009B00411B4F /* main.m */; };
		9E9AB37A1D26009B00411B4F /* AppDelegate.m in Sources */ = {isa = PBXBuildFile; fileRef = 9E9AB3791D26009B00411B4F /* AppDelegate.m */; };
		9E9AB37D1D26009B00411B4F /* ViewController.m in Sources */ = {isa = PBXBuildFile; fileRef = 9E9AB37C1D26009B00411B4F /* ViewController.m */; };
		9E9AB3801D26009B00411B4F /* Main.storyboard in Resources */ = {isa = PBXBuildFile; fileRef = 9E9AB37E1D26009B00411B4F /* Main.storyboard */; };
		9E9AB3821D26009B00411B4F /* Assets.xcassets in Resources */ = {isa = PBXBuildFile; fileRef = 9E9AB3811D26009B00411B4F /* Assets.xcassets */; };
		9E9AB3851D26009B00411B4F /* LaunchScreen.storyboard in Resources */ = {isa = PBXBuildFile; fileRef = 9E9AB3831D26009B00411B4F /* LaunchScreen.storyboard */; };
		9E9AB3901D26009B00411B4F /* JSAndOCTests.m in Sources */ = {isa = PBXBuildFile; fileRef = 9E9AB38F1D26009B00411B4F /* JSAndOCTests.m */; };
		9E9AB39B1D26009B00411B4F /* JSAndOCUITests.m in Sources */ = {isa = PBXBuildFile; fileRef = 9E9AB39A1D26009B00411B4F /* JSAndOCUITests.m */; };
/* End PBXBuildFile section */

/* Begin PBXContainerItemProxy section */
		9E9AB38C1D26009B00411B4F /* PBXContainerItemProxy */ = {
			isa = PBXContainerItemProxy;
			containerPortal = 9E9AB36A1D26009B00411B4F /* Project object */;
			proxyType = 1;
			remoteGlobalIDString = 9E9AB3711D26009B00411B4F;
			remoteInfo = JSAndOC;
		};
		9E9AB3971D26009B00411B4F /* PBXContainerItemProxy */ = {
			isa = PBXContainerItemProxy;
			containerPortal = 9E9AB36A1D26009B00411B4F /* Project object */;
			proxyType = 1;
			remoteGlobalIDString = 9E9AB3711D26009B00411B4F;
			remoteInfo = JSAndOC;
		};
/* End PBXContainerItemProxy section */

/* Begin PBXFileReference section */
		9E9AB3721D26009B00411B4F /* JSAndOC.app */ = {isa = PBXFileReference; explicitFileType = wrapper.application; includeInIndex = 0; path = JSAndOC.app; sourceTree = BUILT_PRODUCTS_DIR; };
		9E9AB3761D26009B00411B4F /* main.m */ = {isa = PBXFileReference; lastKnownFileType = sourcecode.c.objc; path = main.m; sourceTree = "<group>"; };
		9E9AB3781D26009B00411B4F /* AppDelegate.h */ = {isa = PBXFileReference; lastKnownFileType = sourcecode.c.h; path = AppDelegate.h; sourceTree = "<group>"; };
		9E9AB3791D26009B00411B4F /* AppDelegate.m */ = {isa = PBXFileReference; lastKnownFileType = sourcecode.c.objc; path = AppDelegate.m; sourceTree = "<group>"; };
		9E9AB37B1D26009B00411B4F /* ViewController.h */ = {isa = PBXFileReference; lastKnownFileType = sourcecode.c.h; path = ViewController.h; sourceTree = "<group>"; };
		9E9AB37C1D26009B00411B4F /* ViewController.m */ = {isa = PBXFileReference; lastKnownFileType = sourcecode.c.objc; path = ViewController.m; sourceTree = "<group>"; };
		9E9AB37F1D26009B00411B4F /* Base */ = {isa = PBXFileReference; lastKnownFileType = file.storyboard; name = Base; path = Base.lproj/Main.storyboard; sourceTree = "<group>"; };
		9E9AB3811D26009B00411B4F /* Assets.xcassets */ = {isa = PBXFileReference; lastKnownFileType = folder.assetcatalog; path = Assets.xcassets; sourceTree = "<group>"; };
		9E9AB3841D26009B00411B4F /* Base */ = {isa = PBXFileReference; lastKnownFileType = file.storyboard; name = Base; path = Base.lproj/LaunchScreen.storyboard; sourceTree = "<group>"; };
		9E9AB3861D26009B00411B4F /* Info.plist */ = {isa = PBXFileReference; lastKnownFileType = text.plist.xml; path = Info.plist; sourceTree = "<group>"; };
		9E9AB38B1D26009B00411B4F /* JSAndOCTests.xctest */ = {isa = PBXFileReference; explicitFileType = wrapper.cfbundle; includeInIndex = 0; path = JSAndOCTests.xctest; sourceTree = BUILT_PRODUCTS_DIR; };
		9E9AB38F1D26009B00411B4F /* JSAndOCTests.m */ = {isa = PBXFileReference; lastKnownFileType = sourcecode.c.objc; path = JSAndOCTests.m; sourceTree = "<group>"; };
		9E9AB3911D26009B00411B4F /* Info.plist */ = {isa = PBXFileReference; lastKnownFileType = text.plist.xml; path = Info.plist; sourceTree = "<group>"; };
		9E9AB3961D26009B00411B4F /* JSAndOCUITests.xctest */ = {isa = PBXFileReference; explicitFileType = wrapper.cfbundle; includeInIndex = 0; path = JSAndOCUITests.xctest; sourceTree = BUILT_PRODUCTS_DIR; };
		9E9AB39A1D26009B00411B4F /* JSAndOCUITests.m */ = {isa = PBXFileReference; lastKnownFileType = sourcecode.c.objc; path = JSAndOCUITests.m; sourceTree = "<group>"; };
		9E9AB39C1D26009B00411B4F /* Info.plist */ = {isa = PBXFileReference; lastKnownFileType = text.plist.xml; path = Info.plist; sourceTree = "<group>"; };
/* End PBXFileReference section */

/* Begin PBXFrameworksBuildPhase section */
		9E9AB36F1D26009B00411B4F /* Frameworks */ = {
			isa = PBXFrameworksBuildPhase;
			buildActionMask = 2147483647;
			files = (
			);
			runOnlyForDeploymentPostprocessing = 0;
		};
		9E9AB3881D26009B00411B4F /* Frameworks */ = {
			isa = PBXFrameworksBuildPhase;
			buildActionMask = 2147483647;
			files = (
			);
			runOnlyForDeploymentPostprocessing = 0;
		};
		9E9AB3931D26009B00411B4F /* Frameworks */ = {
			isa = PBXFrameworksBuildPhase;
			buildActionMask = 2147483647;
			files = (
			);
			runOnlyForDeploymentPostprocessing = 0;
		};
/* End PBXFrameworksBuildPhase section */

/* Begin PBXGroup section */
		9E9AB3691D26009B00411B4F = {
			isa = PBXGroup;
			children = (
				9E9AB3741D26009B00411B4F /* JSAndOC */,
				9E9AB38E1D26009B00411B4F /* JSAndOCTests */,
				9E9AB3991D26009B00411B4F /* JSAndOCUITests */,
				9E9AB3731D26009B00411B4F /* Products */,
			);
			sourceTree = "<group>";
		};
		9E9AB3731D26009B00411B4F /* Products */ = {
			isa = PBXGroup;
			children = (
				9E9AB3721D26009B00411B4F /* JSAndOC.app */,
				9E9AB38B1D26009B00411B4F /* JSAndOCTests.xctest */,
				9E9AB3961D26009B00411B4F /* JSAndOCUITests.xctest */,
			);
			name = Products;
			sourceTree = "<group>";
		};
		9E9AB3741D26009B00411B4F /* JSAndOC */ = {
			isa = PBXGroup;
			children = (
				9E9AB3781D26009B00411B4F /* AppDelegate.h */,
				9E9AB3791D26009B00411B4F /* AppDelegate.m */,
				9E9AB37B1D26009B00411B4F /* ViewController.h */,
				9E9AB37C1D26009B00411B4F /* ViewController.m */,
				9E9AB37E1D26009B00411B4F /* Main.storyboard */,
				9E9AB3811D26009B00411B4F /* Assets.xcassets */,
				9E9AB3831D26009B00411B4F /* LaunchScreen.storyboard */,
				9E9AB3861D26009B00411B4F /* Info.plist */,
				9E9AB3751D26009B00411B4F /* Supporting Files */,
			);
			path = JSAndOC;
			sourceTree = "<group>";
		};
		9E9AB3751D26009B00411B4F /* Supporting Files */ = {
			isa = PBXGroup;
			children = (
				9E9AB3761D26009B00411B4F /* main.m */,
			);
			name = "Supporting Files";
			sourceTree = "<group>";
		};
		9E9AB38E1D26009B00411B4F /* JSAndOCTests */ = {
			isa = PBXGroup;
			children = (
				9E9AB38F1D26009B00411B4F /* JSAndOCTests.m */,
				9E9AB3911D26009B00411B4F /* Info.plist */,
			);
			path = JSAndOCTests;
			sourceTree = "<group>";
		};
		9E9AB3991D26009B00411B4F /* JSAndOCUITests */ = {
			isa = PBXGroup;
			children = (
				9E9AB39A1D26009B00411B4F /* JSAndOCUITests.m */,
				9E9AB39C1D26009B00411B4F /* Info.plist */,
			);
			path = JSAndOCUITests;
			sourceTree = "<group>";
		};
/* End PBXGroup section */

/* Begin PBXNativeTarget section */
		9E9AB3711D26009B00411B4F /* JSAndOC */ = {
			isa = PBXNativeTarget;
			buildConfigurationList = 9E9AB39F1D26009B00411B4F /* Build configuration list for PBXNativeTarget "JSAndOC" */;
			buildPhases = (
				9E9AB36E1D26009B00411B4F /* Sources */,
				9E9AB36F1D26009B00411B4F /* Frameworks */,
				9E9AB3701D26009B00411B4F /* Resources */,
			);
			buildRules = (
			);
			dependencies = (
			);
			name = JSAndOC;
			productName = JSAndOC;
			productReference = 9E9AB3721D26009B00411B4F /* JSAndOC.app */;
			productType = "com.apple.product-type.application";
		};
		9E9AB38A1D26009B00411B4F /* JSAndOCTests */ = {
			isa = PBXNativeTarget;
			buildConfigurationList = 9E9AB3A21D26009B00411B4F /* Build configuration list for PBXNativeTarget "JSAndOCTests" */;
			buildPhases = (
				9E9AB3871D26009B00411B4F /* Sources */,
				9E9AB3881D26009B00411B4F /* Frameworks */,
				9E9AB3891D26009B00411B4F /* Resources */,
			);
			buildRules = (
			);
			dependencies = (
				9E9AB38D1D26009B00411B4F /* PBXTargetDependency */,
			);
			name = JSAndOCTests;
			productName = JSAndOCTests;
			productReference = 9E9AB38B1D26009B00411B4F /* JSAndOCTests.xctest */;
			productType = "com.apple.product-type.bundle.unit-test";
		};
		9E9AB3951D26009B00411B4F /* JSAndOCUITests */ = {
			isa = PBXNativeTarget;
			buildConfigurationList = 9E9AB3A51D26009B00411B4F /* Build configuration list for PBXNativeTarget "JSAndOCUITests" */;
			buildPhases = (
				9E9AB3921D26009B00411B4F /* Sources */,
				9E9AB3931D26009B00411B4F /* Frameworks */,
				9E9AB3941D26009B00411B4F /* Resources */,
			);
			buildRules = (
			);
			dependencies = (
				9E9AB3981D26009B00411B4F /* PBXTargetDependency */,
			);
			name = JSAndOCUITests;
			productName = JSAndOCUITests;
			productReference = 9E9AB3961D26009B00411B4F /* JSAndOCUITests.xctest */;
			productType = "com.apple.product-type.bundle.ui-testing";
		};
/* End PBXNativeTarget section */

/* Begin PBXProject section */
		9E9AB36A1D26009B00411B4F /* Project object */ = {
			isa = PBXProject;
			attributes = {
				LastUpgradeCheck = 0730;
				ORGANIZATIONNAME = "申露露";
				TargetAttributes = {
					9E9AB3711D26009B00411B4F = {
						CreatedOnToolsVersion = 7.3.1;
					};
					9E9AB38A1D26009B00411B4F = {
						CreatedOnToolsVersion = 7.3.1;
						TestTargetID = 9E9AB3711D26009B00411B4F;
					};
					9E9AB3951D26009B00411B4F = {
						CreatedOnToolsVersion = 7.3.1;
						TestTargetID = 9E9AB3711D26009B00411B4F;
					};
				};
			};
			buildConfigurationList = 9E9AB36D1D26009B00411B4F /* Build configuration list for PBXProject "JSAndOC" */;
			compatibilityVersion = "Xcode 3.2";
			developmentRegion = English;
			hasScannedForEncodings = 0;
			knownRegions = (
				en,
				Base,
			);
			mainGroup = 9E9AB3691D26009B00411B4F;
			productRefGroup = 9E9AB3731D26009B00411B4F /* Products */;
			projectDirPath = "";
			projectRoot = "";
			targets = (
				9E9AB3711D26009B00411B4F /* JSAndOC */,
				9E9AB38A1D26009B00411B4F /* JSAndOCTests */,
				9E9AB3951D26009B00411B4F /* JSAndOCUITests */,
			);
		};
/* End PBXProject section */

/* Begin PBXResourcesBuildPhase section */
		9E9AB3701D26009B00411B4F /* Resources */ = {
			isa = PBXResourcesBuildPhase;
			buildActionMask = 2147483647;
			files = (
				9E9AB3851D26009B00411B4F /* LaunchScreen.storyboard in Resources */,
				9E9AB3821D26009B00411B4F /* Assets.xcassets in Resources */,
				9E9AB3801D26009B00411B4F /* Main.storyboard in Resources */,
			);
			runOnlyForDeploymentPostprocessing = 0;
		};
		9E9AB3891D26009B00411B4F /* Resources */ = {
			isa = PBXResourcesBuildPhase;
			buildActionMask = 2147483647;
			files = (
			);
			runOnlyForDeploymentPostprocessing = 0;
		};
		9E9AB3941D26009B00411B4F /* Resources */ = {
			isa = PBXResourcesBuildPhase;
			buildActionMask = 2147483647;
			files = (
			);
			runOnlyForDeploymentPostprocessing = 0;
		};
/* End PBXResourcesBuildPhase section */

/* Begin PBXSourcesBuildPhase section */
		9E9AB36E1D26009B00411B4F /* Sources */ = {
			isa = PBXSourcesBuildPhase;
			buildActionMask = 2147483647;
			files = (
				9E9AB37D1D26009B00411B4F /* ViewController.m in Sources */,
				9E9AB37A1D26009B00411B4F /* AppDelegate.m in Sources */,
				9E9AB3771D26009B00411B4F /* main.m in Sources */,
			);
			runOnlyForDeploymentPostprocessing = 0;
		};
		9E9AB3871D26009B00411B4F /* Sources */ = {
			isa = PBXSourcesBuildPhase;
			buildActionMask = 2147483647;
			files = (
				9E9AB3901D26009B00411B4F /* JSAndOCTests.m in Sources */,
			);
			runOnlyForDeploymentPostprocessing = 0;
		};
		9E9AB3921D26009B00411B4F /* Sources */ = {
			isa = PBXSourcesBuildPhase;
			buildActionMask = 2147483647;
			files = (
				9E9AB39B1D26009B00411B4F /* JSAndOCUITests.m in Sources */,
			);
			runOnlyForDeploymentPostprocessing = 0;
		};
/* End PBXSourcesBuildPhase section */

/* Begin PBXTargetDependency section */
		9E9AB38D1D26009B00411B4F /* PBXTargetDependency */ = {
			isa = PBXTargetDependency;
			target = 9E9AB3711D26009B00411B4F /* JSAndOC */;
			targetProxy = 9E9AB38C1D26009B00411B4F /* PBXContainerItemProxy */;
		};
		9E9AB3981D26009B00411B4F /* PBXTargetDependency */ = {
			isa = PBXTargetDependency;
			target = 9E9AB3711D26009B00411B4F /* JSAndOC */;
			targetProxy = 9E9AB3971D26009B00411B4F /* PBXContainerItemProxy */;
		};
/* End PBXTargetDependency section */

/* Begin PBXVariantGroup section */
		9E9AB37E1D26009B00411B4F /* Main.storyboard */ = {
			isa = PBXVariantGroup;
			children = (
				9E9AB37F1D26009B00411B4F /* Base */,
			);
			name = Main.storyboard;
			sourceTree = "<group>";
		};
		9E9AB3831D26009B00411B4F /* LaunchScreen.storyboard */ = {
			isa = PBXVariantGroup;
			children = (
				9E9AB3841D26009B00411B4F /* Base */,
			);
			name = LaunchScreen.storyboard;
			sourceTree = "<group>";
		};
/* End PBXVariantGroup section */

/* Begin XCBuildConfiguration section */
		9E9AB39D1D26009B00411B4F /* Debug */ = {
			isa = XCBuildConfiguration;
			buildSettings = {
				ALWAYS_SEARCH_USER_PATHS = NO;
				CLANG_ANALYZER_NONNULL = YES;
				CLANG_CXX_LANGUAGE_STANDARD = "gnu++0x";
				CLANG_CXX_LIBRARY = "libc++";
				CLANG_ENABLE_MODULES = YES;
				CLANG_ENABLE_OBJC_ARC = YES;
				CLANG_WARN_BOOL_CONVERSION = YES;
				CLANG_WARN_CONSTANT_CONVERSION = YES;
				CLANG_WARN_DIRECT_OBJC_ISA_USAGE = YES_ERROR;
				CLANG_WARN_EMPTY_BODY = YES;
				CLANG_WARN_ENUM_CONVERSION = YES;
				CLANG_WARN_INT_CONVERSION = YES;
				CLANG_WARN_OBJC_ROOT_CLASS = YES_ERROR;
				CLANG_WARN_UNREACHABLE_CODE = YES;
				CLANG_WARN__DUPLICATE_METHOD_MATCH = YES;
				"CODE_SIGN_IDENTITY[sdk=iphoneos*]" = "iPhone Developer";
				COPY_PHASE_STRIP = NO;
				DEBUG_INFORMATION_FORMAT = dwarf;
				ENABLE_STRICT_OBJC_MSGSEND = YES;
				ENABLE_TESTABILITY = YES;
				GCC_C_LANGUAGE_STANDARD = gnu99;
				GCC_DYNAMIC_NO_PIC = NO;
				GCC_NO_COMMON_BLOCKS = YES;
				GCC_OPTIMIZATION_LEVEL = 0;
				GCC_PREPROCESSOR_DEFINITIONS = (
					"DEBUG=1",
					"$(inherited)",
				);
				GCC_WARN_64_TO_32_BIT_CONVERSION = YES;
				GCC_WARN_ABOUT_RETURN_TYPE = YES_ERROR;
				GCC_WARN_UNDECLARED_SELECTOR = YES;
				GCC_WARN_UNINITIALIZED_AUTOS = YES_AGGRESSIVE;
				GCC_WARN_UNUSED_FUNCTION = YES;
				GCC_WARN_UNUSED_VARIABLE = YES;
				IPHONEOS_DEPLOYMENT_TARGET = 9.3;
				MTL_ENABLE_DEBUG_INFO = YES;
				ONLY_ACTIVE_ARCH = YES;
				SDKROOT = iphoneos;
				TARGETED_DEVICE_FAMILY = "1,2";
			};
			name = Debug;
		};
		9E9AB39E1D26009B00411B4F /* Release */ = {
			isa = XCBuildConfiguration;
			buildSettings = {
				ALWAYS_SEARCH_USER_PATHS = NO;
				CLANG_ANALYZER_NONNULL = YES;
				CLANG_CXX_LANGUAGE_STANDARD = "gnu++0x";
				CLANG_CXX_LIBRARY = "libc++";
				CLANG_ENABLE_MODULES = YES;
				CLANG_ENABLE_OBJC_ARC = YES;
				CLANG_WARN_BOOL_CONVERSION = YES;
				CLANG_WARN_CONSTANT_CONVERSION = YES;
				CLANG_WARN_DIRECT_OBJC_ISA_USAGE = YES_ERROR;
				CLANG_WARN_EMPTY_BODY = YES;
				CLANG_WARN_ENUM_CONVERSION = YES;
				CLANG_WARN_INT_CONVERSION = YES;
				CLANG_WARN_OBJC_ROOT_CLASS = YES_ERROR;
				CLANG_WARN_UNREACHABLE_CODE = YES;
				CLANG_WARN__DUPLICATE_METHOD_MATCH = YES;
				"CODE_SIGN_IDENTITY[sdk=iphoneos*]" = "iPhone Developer";
				COPY_PHASE_STRIP = NO;
				DEBUG_INFORMATION_FORMAT = "dwarf-with-dsym";
				ENABLE_NS_ASSERTIONS = NO;
				ENABLE_STRICT_OBJC_MSGSEND = YES;
				GCC_C_LANGUAGE_STANDARD = gnu99;
				GCC_NO_COMMON_BLOCKS = YES;
				GCC_WARN_64_TO_32_BIT_CONVERSION = YES;
				GCC_WARN_ABOUT_RETURN_TYPE = YES_ERROR;
				GCC_WARN_UNDECLARED_SELECTOR = YES;
				GCC_WARN_UNINITIALIZED_AUTOS = YES_AGGRESSIVE;
				GCC_WARN_UNUSED_FUNCTION = YES;
				GCC_WARN_UNUSED_VARIABLE = YES;
				IPHONEOS_DEPLOYMENT_TARGET = 9.3;
				MTL_ENABLE_DEBUG_INFO = NO;
				SDKROOT = iphoneos;
				TARGETED_DEVICE_FAMILY = "1,2";
				VALIDATE_PRODUCT = YES;
			};
			name = Release;
		};
		9E9AB3A01D26009B00411B4F /* Debug */ = {
			isa = XCBuildConfiguration;
			buildSettings = {
				ASSETCATALOG_COMPILER_APPICON_NAME = AppIcon;
				INFOPLIST_FILE = JSAndOC/Info.plist;
				LD_RUNPATH_SEARCH_PATHS = "$(inherited) @executable_path/Frameworks";
				PRODUCT_BUNDLE_IDENTIFIER = com.demo1.JSAndOC;
				PRODUCT_NAME = "$(TARGET_NAME)";
			};
			name = Debug;
		};
		9E9AB3A11D26009B00411B4F /* Release */ = {
			isa = XCBuildConfiguration;
			buildSettings = {
				ASSETCATALOG_COMPILER_APPICON_NAME = AppIcon;
				INFOPLIST_FILE = JSAndOC/Info.plist;
				LD_RUNPATH_SEARCH_PATHS = "$(inherited) @executable_path/Frameworks";
				PRODUCT_BUNDLE_IDENTIFIER = com.demo1.JSAndOC;
				PRODUCT_NAME = "$(TARGET_NAME)";
			};
			name = Release;
		};
		9E9AB3A31D26009B00411B4F /* Debug */ = {
			isa = XCBuildConfiguration;
			buildSettings = {
				BUNDLE_LOADER = "$(TEST_HOST)";
				INFOPLIST_FILE = JSAndOCTests/Info.plist;
				LD_RUNPATH_SEARCH_PATHS = "$(inherited) @executable_path/Frameworks @loader_path/Frameworks";
				PRODUCT_BUNDLE_IDENTIFIER = com.demo1.JSAndOCTests;
				PRODUCT_NAME = "$(TARGET_NAME)";
				TEST_HOST = "$(BUILT_PRODUCTS_DIR)/JSAndOC.app/JSAndOC";
			};
			name = Debug;
		};
		9E9AB3A41D26009B00411B4F /* Release */ = {
			isa = XCBuildConfiguration;
			buildSettings = {
				BUNDLE_LOADER = "$(TEST_HOST)";
				INFOPLIST_FILE = JSAndOCTests/Info.plist;
				LD_RUNPATH_SEARCH_PATHS = "$(inherited) @executable_path/Frameworks @loader_path/Frameworks";
				PRODUCT_BUNDLE_IDENTIFIER = com.demo1.JSAndOCTests;
				PRODUCT_NAME = "$(TARGET_NAME)";
				TEST_HOST = "$(BUILT_PRODUCTS_DIR)/JSAndOC.app/JSAndOC";
			};
			name = Release;
		};
		9E9AB3A61D26009B00411B4F /* Debug */ = {
			isa = XCBuildConfiguration;
			buildSettings = {
				INFOPLIST_FILE = JSAndOCUITests/Info.plist;
				LD_RUNPATH_SEARCH_PATHS = "$(inherited) @executable_path/Frameworks @loader_path/Frameworks";
				PRODUCT_BUNDLE_IDENTIFIER = com.demo1.JSAndOCUITests;
				PRODUCT_NAME = "$(TARGET_NAME)";
				TEST_TARGET_NAME = JSAndOC;
			};
			name = Debug;
		};
		9E9AB3A71D26009B00411B4F /* Release */ = {
			isa = XCBuildConfiguration;
			buildSettings = {
				INFOPLIST_FILE = JSAndOCUITests/Info.plist;
				LD_RUNPATH_SEARCH_PATHS = "$(inherited) @executable_path/Frameworks @loader_path/Frameworks";
				PRODUCT_BUNDLE_IDENTIFIER = com.demo1.JSAndOCUITests;
				PRODUCT_NAME = "$(TARGET_NAME)";
				TEST_TARGET_NAME = JSAndOC;
			};
			name = Release;
		};
/* End XCBuildConfiguration section */

/* Begin XCConfigurationList section */
		9E9AB36D1D26009B00411B4F /* Build configuration list for PBXProject "JSAndOC" */ = {
			isa = XCConfigurationList;
			buildConfigurations = (
				9E9AB39D1D26009B00411B4F /* Debug */,
				9E9AB39E1D26009B00411B4F /* Release */,
			);
			defaultConfigurationIsVisible = 0;
			defaultConfigurationName = Release;
		};
		9E9AB39F1D26009B00411B4F /* Build configuration list for PBXNativeTarget "JSAndOC" */ = {
			isa = XCConfigurationList;
			buildConfigurations = (
				9E9AB3A01D26009B00411B4F /* Debug */,
				9E9AB3A11D26009B00411B4F /* Release */,
			);
			defaultConfigurationIsVisible = 0;
		};
		9E9AB3A21D26009B00411B4F /* Build configuration list for PBXNativeTarget "JSAndOCTests" */ = {
			isa = XCConfigurationList;
			buildConfigurations = (
				9E9AB3A31D26009B00411B4F /* Debug */,
				9E9AB3A41D26009B00411B4F /* Release */,
			);
			defaultConfigurationIsVisible = 0;
		};
		9E9AB3A51D26009B00411B4F /* Build configuration list for PBXNativeTarget "JSAndOCUITests" */ = {
			isa = XCConfigurationList;
			buildConfigurations = (
				9E9AB3A61D26009B00411B4F /* Debug */,
				9E9AB3A71D26009B00411B4F /* Release */,
			);
			defaultConfigurationIsVisible = 0;
		};
/* End XCConfigurationList section */
	};
	rootObject = 9E9AB36A1D26009B00411B4F /* Project object */;
}
